{
    "_readme": [
        "This file locks the dependencies of your project to a known state",
        "Read more about it at https://getcomposer.org/doc/01-basic-usage.md#installing-dependencies",
        "This file is @generated automatically"
    ],
    "content-hash": "efd3b7bd6aff01621725123c587a63a9",
    "packages": [
        {
            "name": "composer/installers",
            "version": "v1.9.0",
            "source": {
                "type": "git",
                "url": "https://github.com/composer/installers.git",
                "reference": "b93bcf0fa1fccb0b7d176b0967d969691cd74cca"
            },
            "dist": {
                "type": "zip",
                "url": "https://api.github.com/repos/composer/installers/zipball/b93bcf0fa1fccb0b7d176b0967d969691cd74cca",
                "reference": "b93bcf0fa1fccb0b7d176b0967d969691cd74cca",
                "shasum": ""
            },
            "require": {
                "composer-plugin-api": "^1.0 || ^2.0"
            },
            "replace": {
                "roundcube/plugin-installer": "*",
                "shama/baton": "*"
            },
            "require-dev": {
                "composer/composer": "1.6.* || 2.0.*@dev",
                "composer/semver": "1.0.* || 2.0.*@dev",
                "phpunit/phpunit": "^4.8.36",
                "sebastian/comparator": "^1.2.4",
                "symfony/process": "^2.3"
            },
            "type": "composer-plugin",
            "extra": {
                "class": "Composer\\Installers\\Plugin",
                "branch-alias": {
                    "dev-master": "1.0-dev"
                }
            },
            "autoload": {
                "psr-4": {
                    "Composer\\Installers\\": "src/Composer/Installers"
                }
            },
            "notification-url": "https://packagist.org/downloads/",
            "license": [
                "MIT"
            ],
            "authors": [
                {
                    "name": "Kyle Robinson Young",
                    "email": "kyle@dontkry.com",
                    "homepage": "https://github.com/shama"
                }
            ],
            "description": "A multi-framework Composer library installer",
            "homepage": "https://composer.github.io/installers/",
            "keywords": [
                "Craft",
                "Dolibarr",
                "Eliasis",
                "Hurad",
                "ImageCMS",
                "Kanboard",
                "Lan Management System",
                "MODX Evo",
                "MantisBT",
                "Mautic",
                "Maya",
                "OXID",
                "Plentymarkets",
                "Porto",
                "RadPHP",
                "SMF",
                "Thelia",
                "Whmcs",
                "WolfCMS",
                "agl",
                "aimeos",
                "annotatecms",
                "attogram",
                "bitrix",
                "cakephp",
                "chef",
                "cockpit",
                "codeigniter",
                "concrete5",
                "croogo",
                "dokuwiki",
                "drupal",
                "eZ Platform",
                "elgg",
                "expressionengine",
                "fuelphp",
                "grav",
                "installer",
                "itop",
                "joomla",
                "known",
                "kohana",
                "laravel",
                "lavalite",
                "lithium",
                "magento",
                "majima",
                "mako",
                "mediawiki",
                "modulework",
                "modx",
                "moodle",
                "osclass",
                "phpbb",
                "piwik",
                "ppi",
                "puppet",
                "pxcms",
                "reindex",
                "roundcube",
                "shopware",
                "silverstripe",
                "sydes",
                "sylius",
                "symfony",
                "typo3",
                "wordpress",
                "yawik",
                "zend",
                "zikula"
            ],
            "time": "2020-04-07T06:57:05+00:00"
        },
        {
            "name": "wpackagist-plugin/advanced-custom-fields",
            "version": "5.8.12",
            "source": {
                "type": "svn",
                "url": "https://plugins.svn.wordpress.org/advanced-custom-fields/",
                "reference": "tags/5.8.12"
            },
            "dist": {
                "type": "zip",
                "url": "https://downloads.wordpress.org/plugin/advanced-custom-fields.5.8.12.zip"
            },
            "require": {
                "composer/installers": "~1.0"
            },
            "type": "wordpress-plugin",
            "homepage": "https://wordpress.org/plugins/advanced-custom-fields/"
        },
        {
            "name": "wpackagist-plugin/advanced-database-cleaner",
            "version": "3.0.0",
            "source": {
                "type": "svn",
                "url": "https://plugins.svn.wordpress.org/advanced-database-cleaner/",
                "reference": "tags/3.0.0"
            },
            "dist": {
                "type": "zip",
                "url": "https://downloads.wordpress.org/plugin/advanced-database-cleaner.3.0.0.zip"
            },
            "require": {
                "composer/installers": "~1.0"
            },
            "type": "wordpress-plugin",
            "homepage": "https://wordpress.org/plugins/advanced-database-cleaner/"
        },
        {
            "name": "wpackagist-plugin/amp",
            "version": "1.5.4",
            "source": {
                "type": "svn",
                "url": "https://plugins.svn.wordpress.org/amp/",
                "reference": "tags/1.5.4"
            },
            "dist": {
                "type": "zip",
                "url": "https://downloads.wordpress.org/plugin/amp.1.5.4.zip"
            },
            "require": {
                "composer/installers": "~1.0"
            },
            "type": "wordpress-plugin",
            "homepage": "https://wordpress.org/plugins/amp/"
        },
        {
            "name": "wpackagist-plugin/classic-editor",
            "version": "1.5",
            "source": {
                "type": "svn",
                "url": "https://plugins.svn.wordpress.org/classic-editor/",
                "reference": "tags/1.5"
            },
            "dist": {
                "type": "zip",
                "url": "https://downloads.wordpress.org/plugin/classic-editor.1.5.zip"
            },
            "require": {
                "composer/installers": "~1.0"
            },
            "type": "wordpress-plugin",
            "homepage": "https://wordpress.org/plugins/classic-editor/"
        },
        {
            "name": "wpackagist-plugin/google-site-kit",
            "version": "1.10.0",
            "source": {
                "type": "svn",
                "url": "https://plugins.svn.wordpress.org/google-site-kit/",
                "reference": "tags/1.10.0"
            },
            "dist": {
                "type": "zip",
                "url": "https://downloads.wordpress.org/plugin/google-site-kit.1.10.0.zip"
            },
            "require": {
                "composer/installers": "~1.0"
            },
            "type": "wordpress-plugin",
            "homepage": "https://wordpress.org/plugins/google-site-kit/"
        },
        {
            "name": "wpackagist-plugin/jetpack",
            "version": "8.7",
            "source": {
                "type": "svn",
                "url": "https://plugins.svn.wordpress.org/jetpack/",
                "reference": "tags/8.7"
            },
            "dist": {
                "type": "zip",
                "url": "https://downloads.wordpress.org/plugin/jetpack.8.7.zip"
            },
            "require": {
                "composer/installers": "~1.0"
            },
            "type": "wordpress-plugin",
            "homepage": "https://wordpress.org/plugins/jetpack/"
        },
        {
            "name": "wpackagist-plugin/schema",
            "version": "1.7.8.2",
            "source": {
                "type": "svn",
                "url": "https://plugins.svn.wordpress.org/schema/",
                "reference": "trunk"
            },
            "dist": {
                "type": "zip",
                "url": "https://downloads.wordpress.org/plugin/schema.zip?timestamp=1591226016"
            },
            "require": {
                "composer/installers": "~1.0"
            },
            "type": "wordpress-plugin",
            "homepage": "https://wordpress.org/plugins/schema/"
        },
        {
            "name": "wpackagist-plugin/wordfence",
            "version": "7.4.8",
            "source": {
                "type": "svn",
                "url": "https://plugins.svn.wordpress.org/wordfence/",
                "reference": "tags/7.4.8"
            },
            "dist": {
                "type": "zip",
                "url": "https://downloads.wordpress.org/plugin/wordfence.7.4.8.zip"
            },
            "require": {
                "composer/installers": "~1.0"
            },
            "type": "wordpress-plugin",
            "homepage": "https://wordpress.org/plugins/wordfence/"
        },
        {
            "name": "wpackagist-plugin/wordfence-login-security",
            "version": "1.0.5",
            "source": {
                "type": "svn",
                "url": "https://plugins.svn.wordpress.org/wordfence-login-security/",
                "reference": "tags/1.0.5"
            },
            "dist": {
                "type": "zip",
                "url": "https://downloads.wordpress.org/plugin/wordfence-login-security.1.0.5.zip"
            },
            "require": {
                "composer/installers": "~1.0"
            },
            "type": "wordpress-plugin",
            "homepage": "https://wordpress.org/plugins/wordfence-login-security/"
        },
        {
            "name": "wpackagist-plugin/wordpress-seo",
            "version": "14.4.1",
            "source": {
                "type": "svn",
                "url": "https://plugins.svn.wordpress.org/wordpress-seo/",
                "reference": "tags/14.4.1"
            },
            "dist": {
                "type": "zip",
                "url": "https://downloads.wordpress.org/plugin/wordpress-seo.14.4.1.zip"
            },
            "require": {
                "composer/installers": "~1.0"
            },
            "type": "wordpress-plugin",
            "homepage": "https://wordpress.org/plugins/wordpress-seo/"
        },
        {
            "name": "wpackagist-plugin/wp-mail-logging",
            "version": "1.9.6",
            "source": {
                "type": "svn",
                "url": "https://plugins.svn.wordpress.org/wp-mail-logging/",
                "reference": "tags/1.9.6"
            },
            "dist": {
                "type": "zip",
                "url": "https://downloads.wordpress.org/plugin/wp-mail-logging.1.9.6.zip"
            },
            "require": {
                "composer/installers": "~1.0"
            },
            "type": "wordpress-plugin",
            "homepage": "https://wordpress.org/plugins/wp-mail-logging/"
        },
        {
            "name": "wpackagist-plugin/wp-mail-smtp",
            "version": "2.1.1",
            "source": {
                "type": "svn",
                "url": "https://plugins.svn.wordpress.org/wp-mail-smtp/",
                "reference": "tags/2.1.1"
            },
            "dist": {
                "type": "zip",
                "url": "https://downloads.wordpress.org/plugin/wp-mail-smtp.2.1.1.zip"
            },
            "require": {
                "composer/installers": "~1.0"
            },
            "type": "wordpress-plugin",
            "homepage": "https://wordpress.org/plugins/wp-mail-smtp/"
        },
        {
            "name": "wpackagist-plugin/wps-hide-login",
            "version": "1.5.6",
            "source": {
                "type": "svn",
                "url": "https://plugins.svn.wordpress.org/wps-hide-login/",
                "reference": "tags/1.5.6"
            },
            "dist": {
                "type": "zip",
                "url": "https://downloads.wordpress.org/plugin/wps-hide-login.1.5.6.zip"
            },
            "require": {
                "composer/installers": "~1.0"
            },
            "type": "wordpress-plugin",
            "homepage": "https://wordpress.org/plugins/wps-hide-login/"
        }
    ],
    "packages-dev": [],
    "aliases": [],
    "minimum-stability": "stable",
    "stability-flags": [],
    "prefer-stable": false,
    "prefer-lowest": false,
    "platform": {
        "php": "^7.2"
    },
    "platform-dev": [],
    "plugin-api-version": "2.0.0"
}
